
Microsoft Visual Studio Solution File, Format Version 12.00
# Visual Studio 2012
Project("{FAE04EC0-301F-11D3-BF4B-00C04F79EFBC}") = "WarehouseManagementSystem", "WarehouseManagementSystem\WarehouseManagementSystem.csproj", "{AE448147-B2CE-4BCB-AEBB-BFE57F1F2B2F}"
EndProject
Project("{00D1A9C2-B5F0-4AF3-8072-F6C62B433612}") = "WMS.Database", "WMS.Database\WMS.Database.sqlproj", "{08672830-C8C7-46AC-ACCB-2585BDE9D541}"
EndProject
Global
	GlobalSection(SolutionConfigurationPlatforms) = preSolution
		Debug|Any CPU = Debug|Any CPU
		Release|Any CPU = Release|Any CPU
	EndGlobalSection
	GlobalSection(ProjectConfigurationPlatforms) = postSolution
		{AE448147-B2CE-4BCB-AEBB-BFE57F1F2B2F}.Debug|Any CPU.ActiveCfg = Debug|Any CPU
		{AE448147-B2CE-4BCB-AEBB-BFE57F1F2B2F}.Debug|Any CPU.Build.0 = Debug|Any CPU
		{AE448147-B2CE-4BCB-AEBB-BFE57F1F2B2F}.Release|Any CPU.ActiveCfg = Release|Any CPU
		{AE448147-B2CE-4BCB-AEBB-BFE57F1F2B2F}.Release|Any CPU.Build.0 = Release|Any CPU
		{08672830-C8C7-46AC-ACCB-2585BDE9D541}.Debug|Any CPU.ActiveCfg = Debug|Any CPU
		{08672830-C8C7-46AC-ACCB-2585BDE9D541}.Debug|Any CPU.Build.0 = Debug|Any CPU
		{08672830-C8C7-46AC-ACCB-2585BDE9D541}.Debug|Any CPU.Deploy.0 = Debug|Any CPU
		{08672830-C8C7-46AC-ACCB-2585BDE9D541}.Release|Any CPU.ActiveCfg = Release|Any CPU
		{08672830-C8C7-46AC-ACCB-2585BDE9D541}.Release|Any CPU.Build.0 = Release|Any CPU
		{08672830-C8C7-46AC-ACCB-2585BDE9D541}.Release|Any CPU.Deploy.0 = Release|Any CPU
	EndGlobalSection
	GlobalSection(SolutionProperties) = preSolution
		HideSolutionNode = FALSE
	EndGlobalSection
EndGlobal
