
Microsoft Visual Studio Solution File, Format Version 12.00
# Visual Studio 15
VisualStudioVersion = 15.0.26228.9
MinimumVisualStudioVersion = 10.0.40219.1
Project("{00D1A9C2-B5F0-4AF3-8072-F6C62B433612}") = "WMS.Database", "WMS.Database\WMS.Database.sqlproj", "{08672830-C8C7-46AC-ACCB-2585BDE9D541}"
EndProject
Project("{FAE04EC0-301F-11D3-BF4B-00C04F79EFBC}") = "ServiceTest", "ServiceTest\ServiceTest.csproj", "{9099BAAB-271C-425E-B2F3-41755119D1F2}"
EndProject
Project("{FAE04EC0-301F-11D3-BF4B-00C04F79EFBC}") = "WMS.MaterialManagement", "WMS.Material\WMS.MaterialManagement.csproj", "{97E145F0-1AE0-43E5-BB02-275D7D793B5F}"
EndProject
Project("{FAE04EC0-301F-11D3-BF4B-00C04F79EFBC}") = "WMS.LocationManagement", "WMS.Location\WMS.LocationManagement.csproj", "{E3DC5750-198F-4F59-A87C-60AFB1C82869}"
EndProject
Project("{FAE04EC0-301F-11D3-BF4B-00C04F79EFBC}") = "WMS.Dao", "WMS.Dao\WMS.Dao.csproj", "{B2B76C97-F192-48C5-B58B-DD577DF8FD91}"
EndProject
Project("{FAE04EC0-301F-11D3-BF4B-00C04F79EFBC}") = "WMS.Model", "WMS.Model\WMS.Model.csproj", "{03401837-AAFF-47BA-B5FF-37C6FABB0E26}"
EndProject
Project("{FAE04EC0-301F-11D3-BF4B-00C04F79EFBC}") = "WarehouseManagementSystem", "WarehouseManagementSystem\WarehouseManagementSystem.csproj", "{7E28FABC-36E3-4680-B19C-3A615CF001FD}"
EndProject
Project("{FAE04EC0-301F-11D3-BF4B-00C04F79EFBC}") = "WMS.ServiceCommon", "WMS.ServicesCommon\WMS.ServiceCommon.csproj", "{05184CC3-0391-4CBC-AC3F-CDA0D6596B06}"
EndProject
Project("{FAE04EC0-301F-11D3-BF4B-00C04F79EFBC}") = "WMS.SecurityManagement", "WMS.SecurityManagement\WMS.SecurityManagement.csproj", "{971D1F8D-FD63-42E6-98B6-6837679FB562}"
EndProject
Global
	GlobalSection(SolutionConfigurationPlatforms) = preSolution
		Debug|Any CPU = Debug|Any CPU
		Release|Any CPU = Release|Any CPU
	EndGlobalSection
	GlobalSection(ProjectConfigurationPlatforms) = postSolution
		{08672830-C8C7-46AC-ACCB-2585BDE9D541}.Debug|Any CPU.ActiveCfg = Debug|Any CPU
		{08672830-C8C7-46AC-ACCB-2585BDE9D541}.Release|Any CPU.ActiveCfg = Release|Any CPU
		{08672830-C8C7-46AC-ACCB-2585BDE9D541}.Release|Any CPU.Build.0 = Release|Any CPU
		{08672830-C8C7-46AC-ACCB-2585BDE9D541}.Release|Any CPU.Deploy.0 = Release|Any CPU
		{9099BAAB-271C-425E-B2F3-41755119D1F2}.Debug|Any CPU.ActiveCfg = Debug|Any CPU
		{9099BAAB-271C-425E-B2F3-41755119D1F2}.Debug|Any CPU.Build.0 = Debug|Any CPU
		{9099BAAB-271C-425E-B2F3-41755119D1F2}.Release|Any CPU.ActiveCfg = Release|Any CPU
		{9099BAAB-271C-425E-B2F3-41755119D1F2}.Release|Any CPU.Build.0 = Release|Any CPU
		{97E145F0-1AE0-43E5-BB02-275D7D793B5F}.Debug|Any CPU.ActiveCfg = Debug|Any CPU
		{97E145F0-1AE0-43E5-BB02-275D7D793B5F}.Debug|Any CPU.Build.0 = Debug|Any CPU
		{97E145F0-1AE0-43E5-BB02-275D7D793B5F}.Release|Any CPU.ActiveCfg = Release|Any CPU
		{97E145F0-1AE0-43E5-BB02-275D7D793B5F}.Release|Any CPU.Build.0 = Release|Any CPU
		{E3DC5750-198F-4F59-A87C-60AFB1C82869}.Debug|Any CPU.ActiveCfg = Debug|Any CPU
		{E3DC5750-198F-4F59-A87C-60AFB1C82869}.Debug|Any CPU.Build.0 = Debug|Any CPU
		{E3DC5750-198F-4F59-A87C-60AFB1C82869}.Release|Any CPU.ActiveCfg = Release|Any CPU
		{E3DC5750-198F-4F59-A87C-60AFB1C82869}.Release|Any CPU.Build.0 = Release|Any CPU
		{B2B76C97-F192-48C5-B58B-DD577DF8FD91}.Debug|Any CPU.ActiveCfg = Debug|Any CPU
		{B2B76C97-F192-48C5-B58B-DD577DF8FD91}.Debug|Any CPU.Build.0 = Debug|Any CPU
		{B2B76C97-F192-48C5-B58B-DD577DF8FD91}.Release|Any CPU.ActiveCfg = Release|Any CPU
		{B2B76C97-F192-48C5-B58B-DD577DF8FD91}.Release|Any CPU.Build.0 = Release|Any CPU
		{03401837-AAFF-47BA-B5FF-37C6FABB0E26}.Debug|Any CPU.ActiveCfg = Debug|Any CPU
		{03401837-AAFF-47BA-B5FF-37C6FABB0E26}.Debug|Any CPU.Build.0 = Debug|Any CPU
		{03401837-AAFF-47BA-B5FF-37C6FABB0E26}.Release|Any CPU.ActiveCfg = Release|Any CPU
		{03401837-AAFF-47BA-B5FF-37C6FABB0E26}.Release|Any CPU.Build.0 = Release|Any CPU
		{7E28FABC-36E3-4680-B19C-3A615CF001FD}.Debug|Any CPU.ActiveCfg = Debug|Any CPU
		{7E28FABC-36E3-4680-B19C-3A615CF001FD}.Debug|Any CPU.Build.0 = Debug|Any CPU
		{7E28FABC-36E3-4680-B19C-3A615CF001FD}.Release|Any CPU.ActiveCfg = Release|Any CPU
		{7E28FABC-36E3-4680-B19C-3A615CF001FD}.Release|Any CPU.Build.0 = Release|Any CPU
		{05184CC3-0391-4CBC-AC3F-CDA0D6596B06}.Debug|Any CPU.ActiveCfg = Debug|Any CPU
		{05184CC3-0391-4CBC-AC3F-CDA0D6596B06}.Debug|Any CPU.Build.0 = Debug|Any CPU
		{05184CC3-0391-4CBC-AC3F-CDA0D6596B06}.Release|Any CPU.ActiveCfg = Release|Any CPU
		{05184CC3-0391-4CBC-AC3F-CDA0D6596B06}.Release|Any CPU.Build.0 = Release|Any CPU
		{971D1F8D-FD63-42E6-98B6-6837679FB562}.Debug|Any CPU.ActiveCfg = Debug|Any CPU
		{971D1F8D-FD63-42E6-98B6-6837679FB562}.Debug|Any CPU.Build.0 = Debug|Any CPU
		{971D1F8D-FD63-42E6-98B6-6837679FB562}.Release|Any CPU.ActiveCfg = Release|Any CPU
		{971D1F8D-FD63-42E6-98B6-6837679FB562}.Release|Any CPU.Build.0 = Release|Any CPU
	EndGlobalSection
	GlobalSection(SolutionProperties) = preSolution
		HideSolutionNode = FALSE
	EndGlobalSection
EndGlobal
